
Microsoft Visual Studio Solution File, Format Version 12.00
# Visual Studio Version 17
VisualStudioVersion = 17.3.32922.545
MinimumVisualStudioVersion = 10.0.40219.1
Project("{FAE04EC0-301F-11D3-BF4B-00C04F79EFBC}") = "SocialBookmarking_FM", "SocialBookmarking_FM\SocialBookmarking_FM.csproj", "{959EDE9E-5866-405E-9245-943419B560CC}"
EndProject
Global
	GlobalSection(SolutionConfigurationPlatforms) = preSolution
		Debug|Any CPU = Debug|Any CPU
		Release|Any CPU = Release|Any CPU
	EndGlobalSection
	GlobalSection(ProjectConfigurationPlatforms) = postSolution
		{959EDE9E-5866-405E-9245-943419B560CC}.Debug|Any CPU.ActiveCfg = Debug|Any CPU
		{959EDE9E-5866-405E-9245-943419B560CC}.Debug|Any CPU.Build.0 = Debug|Any CPU
		{959EDE9E-5866-405E-9245-943419B560CC}.Release|Any CPU.ActiveCfg = Release|Any CPU
		{959EDE9E-5866-405E-9245-943419B560CC}.Release|Any CPU.Build.0 = Release|Any CPU
	EndGlobalSection
	GlobalSection(SolutionProperties) = preSolution
		HideSolutionNode = FALSE
	EndGlobalSection
	GlobalSection(ExtensibilityGlobals) = postSolution
		SolutionGuid = {E977F268-4625-46E8-807A-4D9D09DB3735}
	EndGlobalSection
EndGlobal
